// !$*UTF8*$!
{
	archiveVersion = 1;
	classes = {
	};
	objectVersion = 46;
	objects = {

/* Begin PBXBuildFile section */
		048BFBC11F02A06C00C54FD9 /* MainViewController.swift in Sources */ = {isa = PBXBuildFile; fileRef = 048BFBC01F02A06C00C54FD9 /* MainViewController.swift */; };
		04B88AB61F02516C0057D08C /* Main.storyboard in Resources */ = {isa = PBXBuildFile; fileRef = 04B88AB41F02516C0057D08C /* Main.storyboard */; };
		04B88AB81F02516C0057D08C /* Assets.xcassets in Resources */ = {isa = PBXBuildFile; fileRef = 04B88AB71F02516C0057D08C /* Assets.xcassets */; };
		04B88ABB1F02516C0057D08C /* LaunchScreen.storyboard in Resources */ = {isa = PBXBuildFile; fileRef = 04B88AB91F02516C0057D08C /* LaunchScreen.storyboard */; };
		04B88AC71F02565C0057D08C /* AppDelegate.swift in Sources */ = {isa = PBXBuildFile; fileRef = 04B88AC41F02565C0057D08C /* AppDelegate.swift */; };
		04B88ACC1F02576D0057D08C /* DebugInfoDataSource.swift in Sources */ = {isa = PBXBuildFile; fileRef = 04B88ACB1F02576D0057D08C /* DebugInfoDataSource.swift */; };
		5E635C9F7EE115C1B8D09C7A /* Pods_PlaybackControlSampleApp.framework in Frameworks */ = {isa = PBXBuildFile; fileRef = 0701CCFBC61A44051F589996 /* Pods_PlaybackControlSampleApp.framework */; };
/* End PBXBuildFile section */

/* Begin PBXFileReference section */
		048BFBC01F02A06C00C54FD9 /* MainViewController.swift */ = {isa = PBXFileReference; fileEncoding = 4; lastKnownFileType = sourcecode.swift; path = MainViewController.swift; sourceTree = "<group>"; };
		04B88AAD1F02516C0057D08C /* PlaybackControlSampleApp.app */ = {isa = PBXFileReference; explicitFileType = wrapper.application; includeInIndex = 0; path = PlaybackControlSampleApp.app; sourceTree = BUILT_PRODUCTS_DIR; };
		04B88AB51F02516C0057D08C /* Base */ = {isa = PBXFileReference; lastKnownFileType = file.storyboard; name = Base; path = Base.lproj/Main.storyboard; sourceTree = "<group>"; };
		04B88AB71F02516C0057D08C /* Assets.xcassets */ = {isa = PBXFileReference; lastKnownFileType = folder.assetcatalog; path = Assets.xcassets; sourceTree = "<group>"; };
		04B88ABA1F02516C0057D08C /* Base */ = {isa = PBXFileReference; lastKnownFileType = file.storyboard; name = Base; path = Base.lproj/LaunchScreen.storyboard; sourceTree = "<group>"; };
		04B88ABC1F02516C0057D08C /* Info.plist */ = {isa = PBXFileReference; lastKnownFileType = text.plist.xml; path = Info.plist; sourceTree = "<group>"; };
		04B88AC41F02565C0057D08C /* AppDelegate.swift */ = {isa = PBXFileReference; fileEncoding = 4; lastKnownFileType = sourcecode.swift; path = AppDelegate.swift; sourceTree = "<group>"; };
		04B88ACB1F02576D0057D08C /* DebugInfoDataSource.swift */ = {isa = PBXFileReference; fileEncoding = 4; lastKnownFileType = sourcecode.swift; path = DebugInfoDataSource.swift; sourceTree = "<group>"; };
		0701CCFBC61A44051F589996 /* Pods_PlaybackControlSampleApp.framework */ = {isa = PBXFileReference; explicitFileType = wrapper.framework; includeInIndex = 0; path = Pods_PlaybackControlSampleApp.framework; sourceTree = BUILT_PRODUCTS_DIR; };
		294F1E8C5883713A0FDA4FA7 /* Pods-PlaybackControlSampleApp.release.xcconfig */ = {isa = PBXFileReference; includeInIndex = 1; lastKnownFileType = text.xcconfig; name = "Pods-PlaybackControlSampleApp.release.xcconfig"; path = "Pods/Target Support Files/Pods-PlaybackControlSampleApp/Pods-PlaybackControlSampleApp.release.xcconfig"; sourceTree = "<group>"; };
		6B97317F955135A1FA31731A /* Pods-PlaybackControlSampleApp.debug.xcconfig */ = {isa = PBXFileReference; includeInIndex = 1; lastKnownFileType = text.xcconfig; name = "Pods-PlaybackControlSampleApp.debug.xcconfig"; path = "Pods/Target Support Files/Pods-PlaybackControlSampleApp/Pods-PlaybackControlSampleApp.debug.xcconfig"; sourceTree = "<group>"; };
/* End PBXFileReference section */

/* Begin PBXFrameworksBuildPhase section */
		04B88AAA1F02516C0057D08C /* Frameworks */ = {
			isa = PBXFrameworksBuildPhase;
			buildActionMask = 2147483647;
			files = (
				5E635C9F7EE115C1B8D09C7A /* Pods_PlaybackControlSampleApp.framework in Frameworks */,
			);
			runOnlyForDeploymentPostprocessing = 0;
		};
/* End PBXFrameworksBuildPhase section */

/* Begin PBXGroup section */
		04B88AA41F02516C0057D08C = {
			isa = PBXGroup;
			children = (
				04B88AAF1F02516C0057D08C /* PlaybackControlSampleApp */,
				04B88AAE1F02516C0057D08C /* Products */,
				59B4CA17D7A92A8335D16797 /* Pods */,
				600D51970E52E0E79AE18498 /* Frameworks */,
			);
			sourceTree = "<group>";
		};
		04B88AAE1F02516C0057D08C /* Products */ = {
			isa = PBXGroup;
			children = (
				04B88AAD1F02516C0057D08C /* PlaybackControlSampleApp.app */,
			);
			name = Products;
			sourceTree = "<group>";
		};
		04B88AAF1F02516C0057D08C /* PlaybackControlSampleApp */ = {
			isa = PBXGroup;
			children = (
				04B88AC31F02565C0057D08C /* Source */,
				04B88AC21F02564C0057D08C /* SupportingFiles */,
			);
			path = PlaybackControlSampleApp;
			sourceTree = "<group>";
		};
		04B88AC21F02564C0057D08C /* SupportingFiles */ = {
			isa = PBXGroup;
			children = (
				04B88AB41F02516C0057D08C /* Main.storyboard */,
				04B88AB71F02516C0057D08C /* Assets.xcassets */,
				04B88AB91F02516C0057D08C /* LaunchScreen.storyboard */,
				04B88ABC1F02516C0057D08C /* Info.plist */,
			);
			name = SupportingFiles;
			sourceTree = "<group>";
		};
		04B88AC31F02565C0057D08C /* Source */ = {
			isa = PBXGroup;
			children = (
				04B88AC41F02565C0057D08C /* AppDelegate.swift */,
				04B88ACB1F02576D0057D08C /* DebugInfoDataSource.swift */,
				048BFBC01F02A06C00C54FD9 /* MainViewController.swift */,
			);
			path = Source;
			sourceTree = "<group>";
		};
		59B4CA17D7A92A8335D16797 /* Pods */ = {
			isa = PBXGroup;
			children = (
				6B97317F955135A1FA31731A /* Pods-PlaybackControlSampleApp.debug.xcconfig */,
				294F1E8C5883713A0FDA4FA7 /* Pods-PlaybackControlSampleApp.release.xcconfig */,
			);
			name = Pods;
			sourceTree = "<group>";
		};
		600D51970E52E0E79AE18498 /* Frameworks */ = {
			isa = PBXGroup;
			children = (
				0701CCFBC61A44051F589996 /* Pods_PlaybackControlSampleApp.framework */,
			);
			name = Frameworks;
			sourceTree = "<group>";
		};
/* End PBXGroup section */

/* Begin PBXNativeTarget section */
		04B88AAC1F02516C0057D08C /* PlaybackControlSampleApp */ = {
			isa = PBXNativeTarget;
			buildConfigurationList = 04B88ABF1F02516C0057D08C /* Build configuration list for PBXNativeTarget "PlaybackControlSampleApp" */;
			buildPhases = (
				2069FABFD37102A72BC98640 /* [CP] Check Pods Manifest.lock */,
				04B88AA91F02516C0057D08C /* Sources */,
				04B88AAA1F02516C0057D08C /* Frameworks */,
				04B88AAB1F02516C0057D08C /* Resources */,
				47F53C4E38E34267DB5A788D /* [CP] Embed Pods Frameworks */,
				F4610FF9B9F732798F2DDFD6 /* [CP] Copy Pods Resources */,
			);
			buildRules = (
			);
			dependencies = (
			);
			name = PlaybackControlSampleApp;
			productName = PlaybackControlSampleApp;
			productReference = 04B88AAD1F02516C0057D08C /* PlaybackControlSampleApp.app */;
			productType = "com.apple.product-type.application";
		};
/* End PBXNativeTarget section */

/* Begin PBXProject section */
		04B88AA51F02516C0057D08C /* Project object */ = {
			isa = PBXProject;
			attributes = {
				LastSwiftUpdateCheck = 0830;
				LastUpgradeCheck = 0830;
				ORGANIZATIONNAME = Lixar;
				TargetAttributes = {
					04B88AAC1F02516C0057D08C = {
						CreatedOnToolsVersion = 8.3.3;
						DevelopmentTeam = U2AE9737PM;
						ProvisioningStyle = Manual;
					};
				};
			};
			buildConfigurationList = 04B88AA81F02516C0057D08C /* Build configuration list for PBXProject "PlaybackControlSampleApp" */;
			compatibilityVersion = "Xcode 3.2";
			developmentRegion = English;
			hasScannedForEncodings = 0;
			knownRegions = (
				en,
				Base,
			);
			mainGroup = 04B88AA41F02516C0057D08C;
			productRefGroup = 04B88AAE1F02516C0057D08C /* Products */;
			projectDirPath = "";
			projectRoot = "";
			targets = (
				04B88AAC1F02516C0057D08C /* PlaybackControlSampleApp */,
			);
		};
/* End PBXProject section */

/* Begin PBXResourcesBuildPhase section */
		04B88AAB1F02516C0057D08C /* Resources */ = {
			isa = PBXResourcesBuildPhase;
			buildActionMask = 2147483647;
			files = (
				04B88ABB1F02516C0057D08C /* LaunchScreen.storyboard in Resources */,
				04B88AB81F02516C0057D08C /* Assets.xcassets in Resources */,
				04B88AB61F02516C0057D08C /* Main.storyboard in Resources */,
			);
			runOnlyForDeploymentPostprocessing = 0;
		};
/* End PBXResourcesBuildPhase section */

/* Begin PBXShellScriptBuildPhase section */
		2069FABFD37102A72BC98640 /* [CP] Check Pods Manifest.lock */ = {
			isa = PBXShellScriptBuildPhase;
			buildActionMask = 2147483647;
			files = (
			);
			inputPaths = (
				"${PODS_PODFILE_DIR_PATH}/Podfile.lock",
				"${PODS_ROOT}/Manifest.lock",
			);
			name = "[CP] Check Pods Manifest.lock";
			outputPaths = (
				"$(DERIVED_FILE_DIR)/Pods-PlaybackControlSampleApp-checkManifestLockResult.txt",
			);
			runOnlyForDeploymentPostprocessing = 0;
			shellPath = /bin/sh;
			shellScript = "diff \"${PODS_PODFILE_DIR_PATH}/Podfile.lock\" \"${PODS_ROOT}/Manifest.lock\" > /dev/null\nif [ $? != 0 ] ; then\n    # print error to STDERR\n    echo \"error: The sandbox is not in sync with the Podfile.lock. Run 'pod install' or update your CocoaPods installation.\" >&2\n    exit 1\nfi\n# This output is used by Xcode 'outputs' to avoid re-running this script phase.\necho \"SUCCESS\" > \"${SCRIPT_OUTPUT_FILE_0}\"\n";
			showEnvVarsInLog = 0;
		};
		47F53C4E38E34267DB5A788D /* [CP] Embed Pods Frameworks */ = {
			isa = PBXShellScriptBuildPhase;
			buildActionMask = 2147483647;
			files = (
			);
			inputPaths = (
				"${SRCROOT}/Pods/Target Support Files/Pods-PlaybackControlSampleApp/Pods-PlaybackControlSampleApp-frameworks.sh",
				"${BUILT_PRODUCTS_DIR}/Alamofire/Alamofire.framework",
				"${BUILT_PRODUCTS_DIR}/AlamofireImage/AlamofireImage.framework",
				"${BUILT_PRODUCTS_DIR}/CocoaLumberjack/CocoaLumberjack.framework",
				"${BUILT_PRODUCTS_DIR}/GoogleToolboxForMac/GoogleToolboxForMac.framework",
				"${BUILT_PRODUCTS_DIR}/KeychainSwift/KeychainSwift.framework",
				"${PODS_ROOT}/../../Cocoapods/LwayveSDK/LwayveSDK.framework",
				"${PODS_ROOT}/../../Cocoapods/LwayveSDK/LwayveSDK.framework.dSYM",
				"${BUILT_PRODUCTS_DIR}/Protobuf/Protobuf.framework",
				"${BUILT_PRODUCTS_DIR}/SwiftyJSON/SwiftyJSON.framework",
				"${BUILT_PRODUCTS_DIR}/YapDatabase/YapDatabase.framework",
				"${BUILT_PRODUCTS_DIR}/nanopb/nanopb.framework",
			);
			name = "[CP] Embed Pods Frameworks";
			outputPaths = (
				"${TARGET_BUILD_DIR}/${FRAMEWORKS_FOLDER_PATH}/Alamofire.framework",
				"${TARGET_BUILD_DIR}/${FRAMEWORKS_FOLDER_PATH}/AlamofireImage.framework",
				"${TARGET_BUILD_DIR}/${FRAMEWORKS_FOLDER_PATH}/CocoaLumberjack.framework",
				"${TARGET_BUILD_DIR}/${FRAMEWORKS_FOLDER_PATH}/GoogleToolboxForMac.framework",
				"${TARGET_BUILD_DIR}/${FRAMEWORKS_FOLDER_PATH}/KeychainSwift.framework",
				"${TARGET_BUILD_DIR}/${FRAMEWORKS_FOLDER_PATH}/LwayveSDK.framework",
				"${DWARF_DSYM_FOLDER_PATH}/LwayveSDK.framework.dSYM",
				"${TARGET_BUILD_DIR}/${FRAMEWORKS_FOLDER_PATH}/Protobuf.framework",
				"${TARGET_BUILD_DIR}/${FRAMEWORKS_FOLDER_PATH}/SwiftyJSON.framework",
				"${TARGET_BUILD_DIR}/${FRAMEWORKS_FOLDER_PATH}/YapDatabase.framework",
				"${TARGET_BUILD_DIR}/${FRAMEWORKS_FOLDER_PATH}/nanopb.framework",
			);
			runOnlyForDeploymentPostprocessing = 0;
			shellPath = /bin/sh;
			shellScript = "\"${SRCROOT}/Pods/Target Support Files/Pods-PlaybackControlSampleApp/Pods-PlaybackControlSampleApp-frameworks.sh\"\n";
			showEnvVarsInLog = 0;
		};
		F4610FF9B9F732798F2DDFD6 /* [CP] Copy Pods Resources */ = {
			isa = PBXShellScriptBuildPhase;
			buildActionMask = 2147483647;
			files = (
			);
			inputPaths = (
			);
			name = "[CP] Copy Pods Resources";
			outputPaths = (
			);
			runOnlyForDeploymentPostprocessing = 0;
			shellPath = /bin/sh;
			shellScript = "\"${SRCROOT}/Pods/Target Support Files/Pods-PlaybackControlSampleApp/Pods-PlaybackControlSampleApp-resources.sh\"\n";
			showEnvVarsInLog = 0;
		};
/* End PBXShellScriptBuildPhase section */

/* Begin PBXSourcesBuildPhase section */
		04B88AA91F02516C0057D08C /* Sources */ = {
			isa = PBXSourcesBuildPhase;
			buildActionMask = 2147483647;
			files = (
				048BFBC11F02A06C00C54FD9 /* MainViewController.swift in Sources */,
				04B88ACC1F02576D0057D08C /* DebugInfoDataSource.swift in Sources */,
				04B88AC71F02565C0057D08C /* AppDelegate.swift in Sources */,
			);
			runOnlyForDeploymentPostprocessing = 0;
		};
/* End PBXSourcesBuildPhase section */

/* Begin PBXVariantGroup section */
		04B88AB41F02516C0057D08C /* Main.storyboard */ = {
			isa = PBXVariantGroup;
			children = (
				04B88AB51F02516C0057D08C /* Base */,
			);
			name = Main.storyboard;
			sourceTree = "<group>";
		};
		04B88AB91F02516C0057D08C /* LaunchScreen.storyboard */ = {
			isa = PBXVariantGroup;
			children = (
				04B88ABA1F02516C0057D08C /* Base */,
			);
			name = LaunchScreen.storyboard;
			sourceTree = "<group>";
		};
/* End PBXVariantGroup section */

/* Begin XCBuildConfiguration section */
		04B88ABD1F02516C0057D08C /* Debug */ = {
			isa = XCBuildConfiguration;
			buildSettings = {
				ALWAYS_SEARCH_USER_PATHS = NO;
				CLANG_ANALYZER_NONNULL = YES;
				CLANG_ANALYZER_NUMBER_OBJECT_CONVERSION = YES_AGGRESSIVE;
				CLANG_CXX_LANGUAGE_STANDARD = "gnu++0x";
				CLANG_CXX_LIBRARY = "libc++";
				CLANG_ENABLE_MODULES = YES;
				CLANG_ENABLE_OBJC_ARC = YES;
				CLANG_WARN_BOOL_CONVERSION = YES;
				CLANG_WARN_CONSTANT_CONVERSION = YES;
				CLANG_WARN_DIRECT_OBJC_ISA_USAGE = YES_ERROR;
				CLANG_WARN_DOCUMENTATION_COMMENTS = YES;
				CLANG_WARN_EMPTY_BODY = YES;
				CLANG_WARN_ENUM_CONVERSION = YES;
				CLANG_WARN_INFINITE_RECURSION = YES;
				CLANG_WARN_INT_CONVERSION = YES;
				CLANG_WARN_OBJC_ROOT_CLASS = YES_ERROR;
				CLANG_WARN_SUSPICIOUS_MOVE = YES;
				CLANG_WARN_UNREACHABLE_CODE = YES;
				CLANG_WARN__DUPLICATE_METHOD_MATCH = YES;
				"CODE_SIGN_IDENTITY[sdk=iphoneos*]" = "iPhone Developer";
				COPY_PHASE_STRIP = NO;
				DEBUG_INFORMATION_FORMAT = dwarf;
				ENABLE_STRICT_OBJC_MSGSEND = YES;
				ENABLE_TESTABILITY = YES;
				GCC_C_LANGUAGE_STANDARD = gnu99;
				GCC_DYNAMIC_NO_PIC = NO;
				GCC_NO_COMMON_BLOCKS = YES;
				GCC_OPTIMIZATION_LEVEL = 0;
				GCC_PREPROCESSOR_DEFINITIONS = (
					"DEBUG=1",
					"$(inherited)",
				);
				GCC_WARN_64_TO_32_BIT_CONVERSION = YES;
				GCC_WARN_ABOUT_RETURN_TYPE = YES_ERROR;
				GCC_WARN_UNDECLARED_SELECTOR = YES;
				GCC_WARN_UNINITIALIZED_AUTOS = YES_AGGRESSIVE;
				GCC_WARN_UNUSED_FUNCTION = YES;
				GCC_WARN_UNUSED_VARIABLE = YES;
				IPHONEOS_DEPLOYMENT_TARGET = 10.3;
				MTL_ENABLE_DEBUG_INFO = YES;
				ONLY_ACTIVE_ARCH = YES;
				SDKROOT = iphoneos;
				SWIFT_ACTIVE_COMPILATION_CONDITIONS = DEBUG;
				SWIFT_OPTIMIZATION_LEVEL = "-Onone";
			};
			name = Debug;
		};
		04B88ABE1F02516C0057D08C /* Release */ = {
			isa = XCBuildConfiguration;
			buildSettings = {
				ALWAYS_SEARCH_USER_PATHS = NO;
				CLANG_ANALYZER_NONNULL = YES;
				CLANG_ANALYZER_NUMBER_OBJECT_CONVERSION = YES_AGGRESSIVE;
				CLANG_CXX_LANGUAGE_STANDARD = "gnu++0x";
				CLANG_CXX_LIBRARY = "libc++";
				CLANG_ENABLE_MODULES = YES;
				CLANG_ENABLE_OBJC_ARC = YES;
				CLANG_WARN_BOOL_CONVERSION = YES;
				CLANG_WARN_CONSTANT_CONVERSION = YES;
				CLANG_WARN_DIRECT_OBJC_ISA_USAGE = YES_ERROR;
				CLANG_WARN_DOCUMENTATION_COMMENTS = YES;
				CLANG_WARN_EMPTY_BODY = YES;
				CLANG_WARN_ENUM_CONVERSION = YES;
				CLANG_WARN_INFINITE_RECURSION = YES;
				CLANG_WARN_INT_CONVERSION = YES;
				CLANG_WARN_OBJC_ROOT_CLASS = YES_ERROR;
				CLANG_WARN_SUSPICIOUS_MOVE = YES;
				CLANG_WARN_UNREACHABLE_CODE = YES;
				CLANG_WARN__DUPLICATE_METHOD_MATCH = YES;
				"CODE_SIGN_IDENTITY[sdk=iphoneos*]" = "iPhone Developer";
				COPY_PHASE_STRIP = NO;
				DEBUG_INFORMATION_FORMAT = "dwarf-with-dsym";
				ENABLE_NS_ASSERTIONS = NO;
				ENABLE_STRICT_OBJC_MSGSEND = YES;
				GCC_C_LANGUAGE_STANDARD = gnu99;
				GCC_NO_COMMON_BLOCKS = YES;
				GCC_WARN_64_TO_32_BIT_CONVERSION = YES;
				GCC_WARN_ABOUT_RETURN_TYPE = YES_ERROR;
				GCC_WARN_UNDECLARED_SELECTOR = YES;
				GCC_WARN_UNINITIALIZED_AUTOS = YES_AGGRESSIVE;
				GCC_WARN_UNUSED_FUNCTION = YES;
				GCC_WARN_UNUSED_VARIABLE = YES;
				IPHONEOS_DEPLOYMENT_TARGET = 10.3;
				MTL_ENABLE_DEBUG_INFO = NO;
				SDKROOT = iphoneos;
				SWIFT_OPTIMIZATION_LEVEL = "-Owholemodule";
				VALIDATE_PRODUCT = YES;
			};
			name = Release;
		};
		04B88AC01F02516C0057D08C /* Debug */ = {
			isa = XCBuildConfiguration;
			baseConfigurationReference = 6B97317F955135A1FA31731A /* Pods-PlaybackControlSampleApp.debug.xcconfig */;
			buildSettings = {
				ASSETCATALOG_COMPILER_APPICON_NAME = AppIcon;
				DEVELOPMENT_TEAM = U2AE9737PM;
				INFOPLIST_FILE = PlaybackControlSampleApp/Info.plist;
				IPHONEOS_DEPLOYMENT_TARGET = 9.0;
				LD_RUNPATH_SEARCH_PATHS = "$(inherited) @executable_path/Frameworks";
				PRODUCT_BUNDLE_IDENTIFIER = com.lixar.PlaybackControlSampleApp;
				PRODUCT_NAME = "$(TARGET_NAME)";
				PROVISIONING_PROFILE = "fde42c73-81c5-4244-8249-75a4f1872599";
				PROVISIONING_PROFILE_SPECIFIER = "Dev - Lwayve SDK Playback Control Sample App";
				SWIFT_VERSION = 3.0;
			};
			name = Debug;
		};
		04B88AC11F02516C0057D08C /* Release */ = {
			isa = XCBuildConfiguration;
			baseConfigurationReference = 294F1E8C5883713A0FDA4FA7 /* Pods-PlaybackControlSampleApp.release.xcconfig */;
			buildSettings = {
				ASSETCATALOG_COMPILER_APPICON_NAME = AppIcon;
				"CODE_SIGN_IDENTITY[sdk=iphoneos*]" = "iPhone Distribution";
				DEVELOPMENT_TEAM = U2AE9737PM;
				INFOPLIST_FILE = PlaybackControlSampleApp/Info.plist;
				IPHONEOS_DEPLOYMENT_TARGET = 9.0;
				LD_RUNPATH_SEARCH_PATHS = "$(inherited) @executable_path/Frameworks";
				PRODUCT_BUNDLE_IDENTIFIER = com.lixar.PlaybackControlSampleApp;
				PRODUCT_NAME = "$(TARGET_NAME)";
				PROVISIONING_PROFILE = "dbf61783-2f4b-4cc2-bada-8b03d4c3506e";
				PROVISIONING_PROFILE_SPECIFIER = "Ad Hoc - Lwayve SDK Playback Control Sample App";
				SWIFT_VERSION = 3.0;
			};
			name = Release;
		};
/* End XCBuildConfiguration section */

/* Begin XCConfigurationList section */
		04B88AA81F02516C0057D08C /* Build configuration list for PBXProject "PlaybackControlSampleApp" */ = {
			isa = XCConfigurationList;
			buildConfigurations = (
				04B88ABD1F02516C0057D08C /* Debug */,
				04B88ABE1F02516C0057D08C /* Release */,
			);
			defaultConfigurationIsVisible = 0;
			defaultConfigurationName = Release;
		};
		04B88ABF1F02516C0057D08C /* Build configuration list for PBXNativeTarget "PlaybackControlSampleApp" */ = {
			isa = XCConfigurationList;
			buildConfigurations = (
				04B88AC01F02516C0057D08C /* Debug */,
				04B88AC11F02516C0057D08C /* Release */,
			);
			defaultConfigurationIsVisible = 0;
			defaultConfigurationName = Release;
		};
/* End XCConfigurationList section */
	};
	rootObject = 04B88AA51F02516C0057D08C /* Project object */;
}
